
Microsoft Visual Studio Solution File, Format Version 12.00
# Visual Studio Version 17
VisualStudioVersion = 17.14.36327.8
MinimumVisualStudioVersion = 10.0.40219.1
Project("{FAE04EC0-301F-11D3-BF4B-00C04F79EFBC}") = "CatFact", "CatFact\CatFact.csproj", "{5D595D00-FF0B-403F-8763-4C820AAF5BBE}"
EndProject
Project("{FAE04EC0-301F-11D3-BF4B-00C04F79EFBC}") = "CatFact.Tests", "CatFact.Tests\CatFact.Tests.csproj", "{6E7335D1-6AA4-4FA5-8FE9-5CECFFA10E85}"
EndProject
Global
	GlobalSection(SolutionConfigurationPlatforms) = preSolution
		Debug|Any CPU = Debug|Any CPU
		Debug|x64 = Debug|x64
		Debug|x86 = Debug|x86
		Release|Any CPU = Release|Any CPU
		Release|x64 = Release|x64
		Release|x86 = Release|x86
	EndGlobalSection
	GlobalSection(ProjectConfigurationPlatforms) = postSolution
		{5D595D00-FF0B-403F-8763-4C820AAF5BBE}.Debug|Any CPU.ActiveCfg = Debug|Any CPU
		{5D595D00-FF0B-403F-8763-4C820AAF5BBE}.Debug|Any CPU.Build.0 = Debug|Any CPU
		{5D595D00-FF0B-403F-8763-4C820AAF5BBE}.Debug|x64.ActiveCfg = Debug|Any CPU
		{5D595D00-FF0B-403F-8763-4C820AAF5BBE}.Debug|x64.Build.0 = Debug|Any CPU
		{5D595D00-FF0B-403F-8763-4C820AAF5BBE}.Debug|x86.ActiveCfg = Debug|Any CPU
		{5D595D00-FF0B-403F-8763-4C820AAF5BBE}.Debug|x86.Build.0 = Debug|Any CPU
		{5D595D00-FF0B-403F-8763-4C820AAF5BBE}.Release|Any CPU.ActiveCfg = Release|Any CPU
		{5D595D00-FF0B-403F-8763-4C820AAF5BBE}.Release|Any CPU.Build.0 = Release|Any CPU
		{5D595D00-FF0B-403F-8763-4C820AAF5BBE}.Release|x64.ActiveCfg = Release|Any CPU
		{5D595D00-FF0B-403F-8763-4C820AAF5BBE}.Release|x64.Build.0 = Release|Any CPU
		{5D595D00-FF0B-403F-8763-4C820AAF5BBE}.Release|x86.ActiveCfg = Release|Any CPU
		{5D595D00-FF0B-403F-8763-4C820AAF5BBE}.Release|x86.Build.0 = Release|Any CPU
		{6E7335D1-6AA4-4FA5-8FE9-5CECFFA10E85}.Debug|Any CPU.ActiveCfg = Debug|Any CPU
		{6E7335D1-6AA4-4FA5-8FE9-5CECFFA10E85}.Debug|Any CPU.Build.0 = Debug|Any CPU
		{6E7335D1-6AA4-4FA5-8FE9-5CECFFA10E85}.Debug|x64.ActiveCfg = Debug|Any CPU
		{6E7335D1-6AA4-4FA5-8FE9-5CECFFA10E85}.Debug|x64.Build.0 = Debug|Any CPU
		{6E7335D1-6AA4-4FA5-8FE9-5CECFFA10E85}.Debug|x86.ActiveCfg = Debug|Any CPU
		{6E7335D1-6AA4-4FA5-8FE9-5CECFFA10E85}.Debug|x86.Build.0 = Debug|Any CPU
		{6E7335D1-6AA4-4FA5-8FE9-5CECFFA10E85}.Release|Any CPU.ActiveCfg = Release|Any CPU
		{6E7335D1-6AA4-4FA5-8FE9-5CECFFA10E85}.Release|Any CPU.Build.0 = Release|Any CPU
		{6E7335D1-6AA4-4FA5-8FE9-5CECFFA10E85}.Release|x64.ActiveCfg = Release|Any CPU
		{6E7335D1-6AA4-4FA5-8FE9-5CECFFA10E85}.Release|x64.Build.0 = Release|Any CPU
		{6E7335D1-6AA4-4FA5-8FE9-5CECFFA10E85}.Release|x86.ActiveCfg = Release|Any CPU
		{6E7335D1-6AA4-4FA5-8FE9-5CECFFA10E85}.Release|x86.Build.0 = Release|Any CPU
	EndGlobalSection
	GlobalSection(SolutionProperties) = preSolution
		HideSolutionNode = FALSE
	EndGlobalSection
	GlobalSection(ExtensibilityGlobals) = postSolution
		SolutionGuid = {3A7C1221-C5E4-44FE-964D-CBC3FAC51150}
	EndGlobalSection
EndGlobal
